
Microsoft Visual Studio Solution File, Format Version 12.00
# Visual Studio Version 16
VisualStudioVersion = 16.0.31112.23
MinimumVisualStudioVersion = 10.0.40219.1
Project("{FAE04EC0-301F-11D3-BF4B-00C04F79EFBC}") = "GerenciamentoDeIdentidades", "GerenciamentoDeIdentidades.csproj", "{2EA4D1FA-A6FB-42C5-819C-75D15CBF03DD}"
EndProject
Global
	GlobalSection(SolutionConfigurationPlatforms) = preSolution
		Debug|Any CPU = Debug|Any CPU
		Release|Any CPU = Release|Any CPU
	EndGlobalSection
	GlobalSection(ProjectConfigurationPlatforms) = postSolution
		{2EA4D1FA-A6FB-42C5-819C-75D15CBF03DD}.Debug|Any CPU.ActiveCfg = Debug|Any CPU
		{2EA4D1FA-A6FB-42C5-819C-75D15CBF03DD}.Debug|Any CPU.Build.0 = Debug|Any CPU
		{2EA4D1FA-A6FB-42C5-819C-75D15CBF03DD}.Release|Any CPU.ActiveCfg = Release|Any CPU
		{2EA4D1FA-A6FB-42C5-819C-75D15CBF03DD}.Release|Any CPU.Build.0 = Release|Any CPU
	EndGlobalSection
	GlobalSection(SolutionProperties) = preSolution
		HideSolutionNode = FALSE
	EndGlobalSection
	GlobalSection(ExtensibilityGlobals) = postSolution
		SolutionGuid = {D33F18FC-0CCD-4A78-85A6-BD56EEF2DEF4}
	EndGlobalSection
EndGlobal
